
Microsoft Visual Studio Solution File, Format Version 12.00
# Visual Studio Version 16
VisualStudioVersion = 16.0.30523.141
MinimumVisualStudioVersion = 10.0.40219.1
Project("{FAE04EC0-301F-11D3-BF4B-00C04F79EFBC}") = "AspDotNet", "AspDotNet\AspDotNet.csproj", "{D71759D7-16C2-4C5A-895F-3D08C9AD176B}"
EndProject
Global
	GlobalSection(SolutionConfigurationPlatforms) = preSolution
		Debug|Any CPU = Debug|Any CPU
		Release|Any CPU = Release|Any CPU
	EndGlobalSection
	GlobalSection(ProjectConfigurationPlatforms) = postSolution
		{D71759D7-16C2-4C5A-895F-3D08C9AD176B}.Debug|Any CPU.ActiveCfg = Debug|Any CPU
		{D71759D7-16C2-4C5A-895F-3D08C9AD176B}.Debug|Any CPU.Build.0 = Debug|Any CPU
		{D71759D7-16C2-4C5A-895F-3D08C9AD176B}.Release|Any CPU.ActiveCfg = Release|Any CPU
		{D71759D7-16C2-4C5A-895F-3D08C9AD176B}.Release|Any CPU.Build.0 = Release|Any CPU
	EndGlobalSection
	GlobalSection(SolutionProperties) = preSolution
		HideSolutionNode = FALSE
	EndGlobalSection
	GlobalSection(ExtensibilityGlobals) = postSolution
		SolutionGuid = {8DC4BCB7-DE82-480A-94E8-369B02F9BE89}
	EndGlobalSection
EndGlobal
